// !$*UTF8*$!
{
	archiveVersion = 1;
	classes = {
	};
	objectVersion = 46;
	objects = {

/* Begin PBXBuildFile section */
		17492DFF1AB8827C004060A3 /* AppDelegate.m in Sources */ = {isa = PBXBuildFile; fileRef = 17492DFE1AB8827C004060A3 /* AppDelegate.m */; };
		17492E011AB8827C004060A3 /* main.m in Sources */ = {isa = PBXBuildFile; fileRef = 17492E001AB8827C004060A3 /* main.m */; };
		17492E061AB8827C004060A3 /* MainMenu.xib in Resources */ = {isa = PBXBuildFile; fileRef = 17492E041AB8827C004060A3 /* MainMenu.xib */; };
		17492E201AB882AF004060A3 /* IRTextFieldDrag.m in Sources */ = {isa = PBXBuildFile; fileRef = 17492E1D1AB882AF004060A3 /* IRTextFieldDrag.m */; };
		17492E211AB882AF004060A3 /* YAProvisioningProfile.m in Sources */ = {isa = PBXBuildFile; fileRef = 17492E1F1AB882AF004060A3 /* YAProvisioningProfile.m */; };
		17492E261AB882F3004060A3 /* ViewController.m in Sources */ = {isa = PBXBuildFile; fileRef = 17492E241AB882F3004060A3 /* ViewController.m */; };
		17492E271AB882F3004060A3 /* ViewController.xib in Resources */ = {isa = PBXBuildFile; fileRef = 17492E251AB882F3004060A3 /* ViewController.xib */; };
		17492E291AB898EA004060A3 /* entitlements.plist in Resources */ = {isa = PBXBuildFile; fileRef = 17492E281AB898EA004060A3 /* entitlements.plist */; };
		DF27F1851AB97D2D00E54B7D /* Icon.icns in Resources */ = {isa = PBXBuildFile; fileRef = DF27F1841AB97D2D00E54B7D /* Icon.icns */; };
		DF8270A01AB9DE4700254F27 /* info-24.png in Resources */ = {isa = PBXBuildFile; fileRef = DF82709A1AB9DE4700254F27 /* info-24.png */; };
		DF8270A11AB9DE4700254F27 /* info-26.png in Resources */ = {isa = PBXBuildFile; fileRef = DF82709B1AB9DE4700254F27 /* info-26.png */; };
		DF8270A21AB9DE4700254F27 /* trash-24.png in Resources */ = {isa = PBXBuildFile; fileRef = DF82709C1AB9DE4700254F27 /* trash-24.png */; };
		DF8270A31AB9DE4700254F27 /* visible-26.png in Resources */ = {isa = PBXBuildFile; fileRef = DF82709D1AB9DE4700254F27 /* visible-26.png */; };
		DF8270A41AB9DE4700254F27 /* visible_filled-25.png in Resources */ = {isa = PBXBuildFile; fileRef = DF82709E1AB9DE4700254F27 /* visible_filled-25.png */; };
		DF8270A51AB9DE4700254F27 /* waste-25.png in Resources */ = {isa = PBXBuildFile; fileRef = DF82709F1AB9DE4700254F27 /* waste-25.png */; };
		DF8270AB1AB9E02600254F27 /* NSTextField+MultiLine.m in Sources */ = {isa = PBXBuildFile; fileRef = DF8270AA1AB9E02600254F27 /* NSTextField+MultiLine.m */; };
		DF8270AE1AB9ED5500254F27 /* NSScrollView+MultiLine.m in Sources */ = {isa = PBXBuildFile; fileRef = DF8270AD1AB9ED5500254F27 /* NSScrollView+MultiLine.m */; };
		DFD6A04A1AD981F400FB6A11 /* Icon-iPadRetina.png in Resources */ = {isa = PBXBuildFile; fileRef = DFD6A0481AD981F400FB6A11 /* Icon-iPadRetina.png */; };
		DFD6A04D1AD982AF00FB6A11 /* Icon-Ipad.png in Resources */ = {isa = PBXBuildFile; fileRef = DFD6A04C1AD982AF00FB6A11 /* Icon-Ipad.png */; };
		DFD6A0501AD98F2800FB6A11 /* IconButton.m in Sources */ = {isa = PBXBuildFile; fileRef = DFD6A04F1AD98F2800FB6A11 /* IconButton.m */; };
/* End PBXBuildFile section */

/* Begin PBXFileReference section */
		17492DF81AB8827C004060A3 /* Resign.app */ = {isa = PBXFileReference; explicitFileType = wrapper.application; includeInIndex = 0; path = Resign.app; sourceTree = BUILT_PRODUCTS_DIR; };
		17492DFC1AB8827C004060A3 /* Info.plist */ = {isa = PBXFileReference; lastKnownFileType = text.plist.xml; path = Info.plist; sourceTree = "<group>"; };
		17492DFD1AB8827C004060A3 /* AppDelegate.h */ = {isa = PBXFileReference; lastKnownFileType = sourcecode.c.h; path = AppDelegate.h; sourceTree = "<group>"; };
		17492DFE1AB8827C004060A3 /* AppDelegate.m */ = {isa = PBXFileReference; lastKnownFileType = sourcecode.c.objc; path = AppDelegate.m; sourceTree = "<group>"; };
		17492E001AB8827C004060A3 /* main.m */ = {isa = PBXFileReference; lastKnownFileType = sourcecode.c.objc; path = main.m; sourceTree = "<group>"; };
		17492E051AB8827C004060A3 /* Base */ = {isa = PBXFileReference; lastKnownFileType = file.xib; name = Base; path = Base.lproj/MainMenu.xib; sourceTree = "<group>"; };
		17492E1C1AB882AF004060A3 /* IRTextFieldDrag.h */ = {isa = PBXFileReference; fileEncoding = 4; lastKnownFileType = sourcecode.c.h; path = IRTextFieldDrag.h; sourceTree = "<group>"; };
		17492E1D1AB882AF004060A3 /* IRTextFieldDrag.m */ = {isa = PBXFileReference; fileEncoding = 4; lastKnownFileType = sourcecode.c.objc; path = IRTextFieldDrag.m; sourceTree = "<group>"; };
		17492E1E1AB882AF004060A3 /* YAProvisioningProfile.h */ = {isa = PBXFileReference; fileEncoding = 4; lastKnownFileType = sourcecode.c.h; path = YAProvisioningProfile.h; sourceTree = "<group>"; };
		17492E1F1AB882AF004060A3 /* YAProvisioningProfile.m */ = {isa = PBXFileReference; fileEncoding = 4; lastKnownFileType = sourcecode.c.objc; path = YAProvisioningProfile.m; sourceTree = "<group>"; };
		17492E231AB882F3004060A3 /* ViewController.h */ = {isa = PBXFileReference; fileEncoding = 4; lastKnownFileType = sourcecode.c.h; path = ViewController.h; sourceTree = "<group>"; };
		17492E241AB882F3004060A3 /* ViewController.m */ = {isa = PBXFileReference; fileEncoding = 4; lastKnownFileType = sourcecode.c.objc; path = ViewController.m; sourceTree = "<group>"; };
		17492E251AB882F3004060A3 /* ViewController.xib */ = {isa = PBXFileReference; fileEncoding = 4; lastKnownFileType = file.xib; path = ViewController.xib; sourceTree = "<group>"; };
		17492E281AB898EA004060A3 /* entitlements.plist */ = {isa = PBXFileReference; fileEncoding = 4; lastKnownFileType = text.plist.xml; path = entitlements.plist; sourceTree = "<group>"; };
		DF27F1841AB97D2D00E54B7D /* Icon.icns */ = {isa = PBXFileReference; lastKnownFileType = image.icns; path = Icon.icns; sourceTree = "<group>"; };
		DF82709A1AB9DE4700254F27 /* info-24.png */ = {isa = PBXFileReference; lastKnownFileType = image.png; path = "info-24.png"; sourceTree = "<group>"; };
		DF82709B1AB9DE4700254F27 /* info-26.png */ = {isa = PBXFileReference; lastKnownFileType = image.png; path = "info-26.png"; sourceTree = "<group>"; };
		DF82709C1AB9DE4700254F27 /* trash-24.png */ = {isa = PBXFileReference; lastKnownFileType = image.png; path = "trash-24.png"; sourceTree = "<group>"; };
		DF82709D1AB9DE4700254F27 /* visible-26.png */ = {isa = PBXFileReference; lastKnownFileType = image.png; path = "visible-26.png"; sourceTree = "<group>"; };
		DF82709E1AB9DE4700254F27 /* visible_filled-25.png */ = {isa = PBXFileReference; lastKnownFileType = image.png; path = "visible_filled-25.png"; sourceTree = "<group>"; };
		DF82709F1AB9DE4700254F27 /* waste-25.png */ = {isa = PBXFileReference; lastKnownFileType = image.png; path = "waste-25.png"; sourceTree = "<group>"; };
		DF8270A91AB9E02600254F27 /* NSTextField+MultiLine.h */ = {isa = PBXFileReference; fileEncoding = 4; lastKnownFileType = sourcecode.c.h; path = "NSTextField+MultiLine.h"; sourceTree = "<group>"; };
		DF8270AA1AB9E02600254F27 /* NSTextField+MultiLine.m */ = {isa = PBXFileReference; fileEncoding = 4; lastKnownFileType = sourcecode.c.objc; path = "NSTextField+MultiLine.m"; sourceTree = "<group>"; };
		DF8270AC1AB9ED5500254F27 /* NSScrollView+MultiLine.h */ = {isa = PBXFileReference; fileEncoding = 4; lastKnownFileType = sourcecode.c.h; path = "NSScrollView+MultiLine.h"; sourceTree = "<group>"; };
		DF8270AD1AB9ED5500254F27 /* NSScrollView+MultiLine.m */ = {isa = PBXFileReference; fileEncoding = 4; lastKnownFileType = sourcecode.c.objc; path = "NSScrollView+MultiLine.m"; sourceTree = "<group>"; };
		DFD6A0481AD981F400FB6A11 /* Icon-iPadRetina.png */ = {isa = PBXFileReference; lastKnownFileType = image.png; path = "Icon-iPadRetina.png"; sourceTree = "<group>"; };
		DFD6A04C1AD982AF00FB6A11 /* Icon-Ipad.png */ = {isa = PBXFileReference; lastKnownFileType = image.png; path = "Icon-Ipad.png"; sourceTree = "<group>"; };
		DFD6A04E1AD98F2800FB6A11 /* IconButton.h */ = {isa = PBXFileReference; fileEncoding = 4; lastKnownFileType = sourcecode.c.h; path = IconButton.h; sourceTree = "<group>"; };
		DFD6A04F1AD98F2800FB6A11 /* IconButton.m */ = {isa = PBXFileReference; fileEncoding = 4; lastKnownFileType = sourcecode.c.objc; path = IconButton.m; sourceTree = "<group>"; };
/* End PBXFileReference section */

/* Begin PBXFrameworksBuildPhase section */
		17492DF51AB8827C004060A3 /* Frameworks */ = {
			isa = PBXFrameworksBuildPhase;
			buildActionMask = 2147483647;
			files = (
			);
			runOnlyForDeploymentPostprocessing = 0;
		};
/* End PBXFrameworksBuildPhase section */

/* Begin PBXGroup section */
		17492DEF1AB8827C004060A3 = {
			isa = PBXGroup;
			children = (
				17492DFA1AB8827C004060A3 /* Resign */,
				17492DF91AB8827C004060A3 /* Products */,
			);
			sourceTree = "<group>";
		};
		17492DF91AB8827C004060A3 /* Products */ = {
			isa = PBXGroup;
			children = (
				17492DF81AB8827C004060A3 /* Resign.app */,
			);
			name = Products;
			sourceTree = "<group>";
		};
		17492DFA1AB8827C004060A3 /* Resign */ = {
			isa = PBXGroup;
			children = (
				DF8270991AB9DE4700254F27 /* images */,
				17492E221AB882E0004060A3 /* GUI */,
				17492E1B1AB882AF004060A3 /* Helper */,
				17492DFB1AB8827C004060A3 /* Supporting Files */,
			);
			path = Resign;
			sourceTree = "<group>";
		};
		17492DFB1AB8827C004060A3 /* Supporting Files */ = {
			isa = PBXGroup;
			children = (
				DF27F1841AB97D2D00E54B7D /* Icon.icns */,
				17492E281AB898EA004060A3 /* entitlements.plist */,
				17492DFC1AB8827C004060A3 /* Info.plist */,
				17492E001AB8827C004060A3 /* main.m */,
			);
			name = "Supporting Files";
			sourceTree = "<group>";
		};
		17492E1B1AB882AF004060A3 /* Helper */ = {
			isa = PBXGroup;
			children = (
				DF8270AC1AB9ED5500254F27 /* NSScrollView+MultiLine.h */,
				DF8270AD1AB9ED5500254F27 /* NSScrollView+MultiLine.m */,
				DF8270A91AB9E02600254F27 /* NSTextField+MultiLine.h */,
				DF8270AA1AB9E02600254F27 /* NSTextField+MultiLine.m */,
				17492E1C1AB882AF004060A3 /* IRTextFieldDrag.h */,
				17492E1D1AB882AF004060A3 /* IRTextFieldDrag.m */,
				17492E1E1AB882AF004060A3 /* YAProvisioningProfile.h */,
				17492E1F1AB882AF004060A3 /* YAProvisioningProfile.m */,
				DFD6A04E1AD98F2800FB6A11 /* IconButton.h */,
				DFD6A04F1AD98F2800FB6A11 /* IconButton.m */,
			);
			path = Helper;
			sourceTree = "<group>";
		};
		17492E221AB882E0004060A3 /* GUI */ = {
			isa = PBXGroup;
			children = (
				17492DFD1AB8827C004060A3 /* AppDelegate.h */,
				17492DFE1AB8827C004060A3 /* AppDelegate.m */,
				17492E041AB8827C004060A3 /* MainMenu.xib */,
				17492E231AB882F3004060A3 /* ViewController.h */,
				17492E241AB882F3004060A3 /* ViewController.m */,
				17492E251AB882F3004060A3 /* ViewController.xib */,
			);
			name = GUI;
			sourceTree = "<group>";
		};
		DF8270991AB9DE4700254F27 /* images */ = {
			isa = PBXGroup;
			children = (
				DFD6A04C1AD982AF00FB6A11 /* Icon-Ipad.png */,
				DFD6A0481AD981F400FB6A11 /* Icon-iPadRetina.png */,
				DF82709A1AB9DE4700254F27 /* info-24.png */,
				DF82709B1AB9DE4700254F27 /* info-26.png */,
				DF82709C1AB9DE4700254F27 /* trash-24.png */,
				DF82709D1AB9DE4700254F27 /* visible-26.png */,
				DF82709E1AB9DE4700254F27 /* visible_filled-25.png */,
				DF82709F1AB9DE4700254F27 /* waste-25.png */,
			);
			path = images;
			sourceTree = "<group>";
		};
/* End PBXGroup section */

/* Begin PBXNativeTarget section */
		17492DF71AB8827C004060A3 /* Resign */ = {
			isa = PBXNativeTarget;
			buildConfigurationList = 17492E151AB8827C004060A3 /* Build configuration list for PBXNativeTarget "Resign" */;
			buildPhases = (
				17492DF41AB8827C004060A3 /* Sources */,
				17492DF51AB8827C004060A3 /* Frameworks */,
				17492DF61AB8827C004060A3 /* Resources */,
			);
			buildRules = (
			);
			dependencies = (
			);
			name = Resign;
			productName = Resign;
			productReference = 17492DF81AB8827C004060A3 /* Resign.app */;
			productType = "com.apple.product-type.application";
		};
/* End PBXNativeTarget section */

/* Begin PBXProject section */
		17492DF01AB8827C004060A3 /* Project object */ = {
			isa = PBXProject;
			attributes = {
				LastUpgradeCheck = 0620;
				ORGANIZATIONNAME = "Francesca Corsini";
				TargetAttributes = {
					17492DF71AB8827C004060A3 = {
						CreatedOnToolsVersion = 6.2;
					};
				};
			};
			buildConfigurationList = 17492DF31AB8827C004060A3 /* Build configuration list for PBXProject "Resign" */;
			compatibilityVersion = "Xcode 3.2";
			developmentRegion = English;
			hasScannedForEncodings = 0;
			knownRegions = (
				en,
				Base,
			);
			mainGroup = 17492DEF1AB8827C004060A3;
			productRefGroup = 17492DF91AB8827C004060A3 /* Products */;
			projectDirPath = "";
			projectRoot = "";
			targets = (
				17492DF71AB8827C004060A3 /* Resign */,
			);
		};
/* End PBXProject section */

/* Begin PBXResourcesBuildPhase section */
		17492DF61AB8827C004060A3 /* Resources */ = {
			isa = PBXResourcesBuildPhase;
			buildActionMask = 2147483647;
			files = (
				DF27F1851AB97D2D00E54B7D /* Icon.icns in Resources */,
				DF8270A51AB9DE4700254F27 /* waste-25.png in Resources */,
				DF8270A11AB9DE4700254F27 /* info-26.png in Resources */,
				17492E291AB898EA004060A3 /* entitlements.plist in Resources */,
				DF8270A21AB9DE4700254F27 /* trash-24.png in Resources */,
				DFD6A04A1AD981F400FB6A11 /* Icon-iPadRetina.png in Resources */,
				DF8270A31AB9DE4700254F27 /* visible-26.png in Resources */,
				DF8270A01AB9DE4700254F27 /* info-24.png in Resources */,
				DFD6A04D1AD982AF00FB6A11 /* Icon-Ipad.png in Resources */,
				DF8270A41AB9DE4700254F27 /* visible_filled-25.png in Resources */,
				17492E271AB882F3004060A3 /* ViewController.xib in Resources */,
				17492E061AB8827C004060A3 /* MainMenu.xib in Resources */,
			);
			runOnlyForDeploymentPostprocessing = 0;
		};
/* End PBXResourcesBuildPhase section */

/* Begin PBXSourcesBuildPhase section */
		17492DF41AB8827C004060A3 /* Sources */ = {
			isa = PBXSourcesBuildPhase;
			buildActionMask = 2147483647;
			files = (
				17492E211AB882AF004060A3 /* YAProvisioningProfile.m in Sources */,
				DF8270AE1AB9ED5500254F27 /* NSScrollView+MultiLine.m in Sources */,
				17492E011AB8827C004060A3 /* main.m in Sources */,
				17492DFF1AB8827C004060A3 /* AppDelegate.m in Sources */,
				DFD6A0501AD98F2800FB6A11 /* IconButton.m in Sources */,
				17492E201AB882AF004060A3 /* IRTextFieldDrag.m in Sources */,
				DF8270AB1AB9E02600254F27 /* NSTextField+MultiLine.m in Sources */,
				17492E261AB882F3004060A3 /* ViewController.m in Sources */,
			);
			runOnlyForDeploymentPostprocessing = 0;
		};
/* End PBXSourcesBuildPhase section */

/* Begin PBXVariantGroup section */
		17492E041AB8827C004060A3 /* MainMenu.xib */ = {
			isa = PBXVariantGroup;
			children = (
				17492E051AB8827C004060A3 /* Base */,
			);
			name = MainMenu.xib;
			sourceTree = "<group>";
		};
/* End PBXVariantGroup section */

/* Begin XCBuildConfiguration section */
		17492E131AB8827C004060A3 /* Debug */ = {
			isa = XCBuildConfiguration;
			buildSettings = {
				ALWAYS_SEARCH_USER_PATHS = NO;
				CLANG_CXX_LANGUAGE_STANDARD = "gnu++0x";
				CLANG_CXX_LIBRARY = "libc++";
				CLANG_ENABLE_MODULES = YES;
				CLANG_ENABLE_OBJC_ARC = YES;
				CLANG_WARN_BOOL_CONVERSION = YES;
				CLANG_WARN_CONSTANT_CONVERSION = YES;
				CLANG_WARN_DIRECT_OBJC_ISA_USAGE = YES_ERROR;
				CLANG_WARN_EMPTY_BODY = YES;
				CLANG_WARN_ENUM_CONVERSION = YES;
				CLANG_WARN_INT_CONVERSION = YES;
				CLANG_WARN_OBJC_ROOT_CLASS = YES_ERROR;
				CLANG_WARN_UNREACHABLE_CODE = YES;
				CLANG_WARN__DUPLICATE_METHOD_MATCH = YES;
				CODE_SIGN_IDENTITY = "-";
				COPY_PHASE_STRIP = NO;
				ENABLE_STRICT_OBJC_MSGSEND = YES;
				GCC_C_LANGUAGE_STANDARD = gnu99;
				GCC_DYNAMIC_NO_PIC = NO;
				GCC_OPTIMIZATION_LEVEL = 0;
				GCC_PREPROCESSOR_DEFINITIONS = (
					"DEBUG=1",
					"$(inherited)",
				);
				GCC_SYMBOLS_PRIVATE_EXTERN = NO;
				GCC_WARN_64_TO_32_BIT_CONVERSION = YES;
				GCC_WARN_ABOUT_RETURN_TYPE = YES_ERROR;
				GCC_WARN_UNDECLARED_SELECTOR = YES;
				GCC_WARN_UNINITIALIZED_AUTOS = YES_AGGRESSIVE;
				GCC_WARN_UNUSED_FUNCTION = YES;
				GCC_WARN_UNUSED_VARIABLE = YES;
				MACOSX_DEPLOYMENT_TARGET = 10.9;
				MTL_ENABLE_DEBUG_INFO = YES;
				ONLY_ACTIVE_ARCH = YES;
				SDKROOT = macosx;
			};
			name = Debug;
		};
		17492E141AB8827C004060A3 /* Release */ = {
			isa = XCBuildConfiguration;
			buildSettings = {
				ALWAYS_SEARCH_USER_PATHS = NO;
				CLANG_CXX_LANGUAGE_STANDARD = "gnu++0x";
				CLANG_CXX_LIBRARY = "libc++";
				CLANG_ENABLE_MODULES = YES;
				CLANG_ENABLE_OBJC_ARC = YES;
				CLANG_WARN_BOOL_CONVERSION = YES;
				CLANG_WARN_CONSTANT_CONVERSION = YES;
				CLANG_WARN_DIRECT_OBJC_ISA_USAGE = YES_ERROR;
				CLANG_WARN_EMPTY_BODY = YES;
				CLANG_WARN_ENUM_CONVERSION = YES;
				CLANG_WARN_INT_CONVERSION = YES;
				CLANG_WARN_OBJC_ROOT_CLASS = YES_ERROR;
				CLANG_WARN_UNREACHABLE_CODE = YES;
				CLANG_WARN__DUPLICATE_METHOD_MATCH = YES;
				CODE_SIGN_IDENTITY = "-";
				COPY_PHASE_STRIP = NO;
				DEBUG_INFORMATION_FORMAT = "dwarf-with-dsym";
				ENABLE_NS_ASSERTIONS = NO;
				ENABLE_STRICT_OBJC_MSGSEND = YES;
				GCC_C_LANGUAGE_STANDARD = gnu99;
				GCC_WARN_64_TO_32_BIT_CONVERSION = YES;
				GCC_WARN_ABOUT_RETURN_TYPE = YES_ERROR;
				GCC_WARN_UNDECLARED_SELECTOR = YES;
				GCC_WARN_UNINITIALIZED_AUTOS = YES_AGGRESSIVE;
				GCC_WARN_UNUSED_FUNCTION = YES;
				GCC_WARN_UNUSED_VARIABLE = YES;
				MACOSX_DEPLOYMENT_TARGET = 10.9;
				MTL_ENABLE_DEBUG_INFO = NO;
				SDKROOT = macosx;
			};
			name = Release;
		};
		17492E161AB8827C004060A3 /* Debug */ = {
			isa = XCBuildConfiguration;
			buildSettings = {
				ASSETCATALOG_COMPILER_APPICON_NAME = AppIcon;
				COMBINE_HIDPI_IMAGES = YES;
				INFOPLIST_FILE = Resign/Info.plist;
				LD_RUNPATH_SEARCH_PATHS = "$(inherited) @executable_path/../Frameworks";
				PRODUCT_NAME = "$(TARGET_NAME)";
			};
			name = Debug;
		};
		17492E171AB8827C004060A3 /* Release */ = {
			isa = XCBuildConfiguration;
			buildSettings = {
				ASSETCATALOG_COMPILER_APPICON_NAME = AppIcon;
				COMBINE_HIDPI_IMAGES = YES;
				INFOPLIST_FILE = Resign/Info.plist;
				LD_RUNPATH_SEARCH_PATHS = "$(inherited) @executable_path/../Frameworks";
				PRODUCT_NAME = "$(TARGET_NAME)";
			};
			name = Release;
		};
/* End XCBuildConfiguration section */

/* Begin XCConfigurationList section */
		17492DF31AB8827C004060A3 /* Build configuration list for PBXProject "Resign" */ = {
			isa = XCConfigurationList;
			buildConfigurations = (
				17492E131AB8827C004060A3 /* Debug */,
				17492E141AB8827C004060A3 /* Release */,
			);
			defaultConfigurationIsVisible = 0;
			defaultConfigurationName = Release;
		};
		17492E151AB8827C004060A3 /* Build configuration list for PBXNativeTarget "Resign" */ = {
			isa = XCConfigurationList;
			buildConfigurations = (
				17492E161AB8827C004060A3 /* Debug */,
				17492E171AB8827C004060A3 /* Release */,
			);
			defaultConfigurationIsVisible = 0;
			defaultConfigurationName = Release;
		};
/* End XCConfigurationList section */
	};
	rootObject = 17492DF01AB8827C004060A3 /* Project object */;
}
